
Microsoft Visual Studio Solution File, Format Version 12.00
# Visual Studio Version 17
VisualStudioVersion = 17.0.31903.59
MinimumVisualStudioVersion = 10.0.40219.1
Project("{FAE04EC0-301F-11D3-BF4B-00C04F79EFBC}") = "My2DEngine", "My2DEngine.csproj", "{2FC61B7D-BD32-4219-B85E-2A1EF121745F}"
EndProject
Project("{FAE04EC0-301F-11D3-BF4B-00C04F79EFBC}") = "My2DEngine.Engine", "Engine\My2DEngine.Engine.csproj", "{F5D65533-8131-4F58-88A0-496C99677E39}"
EndProject
Project("{FAE04EC0-301F-11D3-BF4B-00C04F79EFBC}") = "My2DEngine.Game", "Game\My2DEngine.Game.csproj", "{A099E1EF-9DEE-46F8-BE35-F17539EE9182}"
EndProject
Project("{FAE04EC0-301F-11D3-BF4B-00C04F79EFBC}") = "My2DEngine.SmokeTests", "My2DEngine.SmokeTests\My2DEngine.SmokeTests.csproj", "{A3E828F6-CAE8-4970-9952-2D2F6B163DC0}"
EndProject
Project("{66A26720-8FB5-11D2-AA7E-00C04F688DDE}") = "Apps", "Apps", "{A5DBA1E1-ED22-4605-B963-B1F4D47CBF82}"
EndProject
Project("{66A26720-8FB5-11D2-AA7E-00C04F688DDE}") = "Libraries", "Libraries", "{530A9F80-9CB7-4F55-A130-D30F8F8DF5F7}"
EndProject
Project("{66A26720-8FB5-11D2-AA7E-00C04F688DDE}") = "Tests", "Tests", "{34E52086-A846-43F1-9465-FB1BE91A0D6A}"
EndProject
Global
	GlobalSection(SolutionConfigurationPlatforms) = preSolution
		Debug|Any CPU = Debug|Any CPU
		Release|Any CPU = Release|Any CPU
	EndGlobalSection
	GlobalSection(ProjectConfigurationPlatforms) = postSolution
		{2FC61B7D-BD32-4219-B85E-2A1EF121745F}.Debug|Any CPU.ActiveCfg = Debug|AnyCPU
		{2FC61B7D-BD32-4219-B85E-2A1EF121745F}.Debug|Any CPU.Build.0 = Debug|AnyCPU
		{2FC61B7D-BD32-4219-B85E-2A1EF121745F}.Release|Any CPU.ActiveCfg = Release|AnyCPU
		{2FC61B7D-BD32-4219-B85E-2A1EF121745F}.Release|Any CPU.Build.0 = Release|AnyCPU
		{F5D65533-8131-4F58-88A0-496C99677E39}.Debug|Any CPU.ActiveCfg = Debug|AnyCPU
		{F5D65533-8131-4F58-88A0-496C99677E39}.Debug|Any CPU.Build.0 = Debug|AnyCPU
		{F5D65533-8131-4F58-88A0-496C99677E39}.Release|Any CPU.ActiveCfg = Release|AnyCPU
		{F5D65533-8131-4F58-88A0-496C99677E39}.Release|Any CPU.Build.0 = Release|AnyCPU
		{A099E1EF-9DEE-46F8-BE35-F17539EE9182}.Debug|Any CPU.ActiveCfg = Debug|AnyCPU
		{A099E1EF-9DEE-46F8-BE35-F17539EE9182}.Debug|Any CPU.Build.0 = Debug|AnyCPU
		{A099E1EF-9DEE-46F8-BE35-F17539EE9182}.Release|Any CPU.ActiveCfg = Release|AnyCPU
		{A099E1EF-9DEE-46F8-BE35-F17539EE9182}.Release|Any CPU.Build.0 = Release|AnyCPU
		{A3E828F6-CAE8-4970-9952-2D2F6B163DC0}.Debug|Any CPU.ActiveCfg = Debug|AnyCPU
		{A3E828F6-CAE8-4970-9952-2D2F6B163DC0}.Debug|Any CPU.Build.0 = Debug|AnyCPU
		{A3E828F6-CAE8-4970-9952-2D2F6B163DC0}.Release|Any CPU.ActiveCfg = Release|AnyCPU
		{A3E828F6-CAE8-4970-9952-2D2F6B163DC0}.Release|Any CPU.Build.0 = Release|AnyCPU
	EndGlobalSection
	GlobalSection(SolutionProperties) = preSolution
		HideSolutionNode = FALSE
	EndGlobalSection
	GlobalSection(NestedProjects) = preSolution
		{2FC61B7D-BD32-4219-B85E-2A1EF121745F} = {A5DBA1E1-ED22-4605-B963-B1F4D47CBF82}
		{F5D65533-8131-4F58-88A0-496C99677E39} = {530A9F80-9CB7-4F55-A130-D30F8F8DF5F7}
		{A099E1EF-9DEE-46F8-BE35-F17539EE9182} = {530A9F80-9CB7-4F55-A130-D30F8F8DF5F7}
		{A3E828F6-CAE8-4970-9952-2D2F6B163DC0} = {34E52086-A846-43F1-9465-FB1BE91A0D6A}
	EndGlobalSection
EndGlobal
